{
  "name": "player-intelligence-discord-bot",
  "version": "1.0.0",
  "lockfileVersion": 3,
  "requires": true,
  "packages": {
    "": {
      "name": "player-intelligence-discord-bot",
      "version": "1.0.0",
      "dependencies": {
        "discord.js": "^14.27.0",
        "dotenv": "^17.4.2",
        "zod": "^3.25.76"
      },
      "engines": {
        "node": ">=20"
      }
    },
    "node_modules/@discordjs/builders": {